PODS:
  - SwiftyUserDefaults (2.0.0)

DEPENDENCIES:
  - SwiftyUserDefaults (from `git@github.com:radex/SwiftyUserDefaults.git`)

EXTERNAL SOURCES:
  SwiftyUserDefaults:
    :git: git@github.com:radex/SwiftyUserDefaults.git

CHECKOUT OPTIONS:
  SwiftyUserDefaults:
    :commit: ea518adf296749787f8a4e301cc77095d02f92f6
    :git: git@github.com:radex/SwiftyUserDefaults.git

SPEC CHECKSUMS:
  SwiftyUserDefaults: 2124929f58e1e392442a8c1efc9843e1016d9fa2

COCOAPODS: 0.39.0
